
Microsoft Visual Studio Solution File, Format Version 12.00
# Visual Studio 14
VisualStudioVersion = 14.0.25123.0
MinimumVisualStudioVersion = 10.0.40219.1
Project("{FAE04EC0-301F-11D3-BF4B-00C04F79EFBC}") = "Monitor", "Monitor\Monitor.csproj", "{91DEA1D0-F785-43E9-8ABB-8190473743D8}"
EndProject
Project("{FAE04EC0-301F-11D3-BF4B-00C04F79EFBC}") = "Messages", "Messages\Messages.csproj", "{8BB63F81-80DF-4134-A650-67B8295F2DA0}"
EndProject
Project("{FAE04EC0-301F-11D3-BF4B-00C04F79EFBC}") = "Processor", "Processor\Processor.csproj", "{C57B99F4-4ACB-4300-A2EF-67DCD6B086EF}"
EndProject
Project("{FAE04EC0-301F-11D3-BF4B-00C04F79EFBC}") = "Processor-2", "Processor-2\Processor-2.csproj", "{8B1A4748-C977-42A2-BC56-367C90EA4BD4}"
EndProject
Global
	GlobalSection(SolutionConfigurationPlatforms) = preSolution
		Debug|Any CPU = Debug|Any CPU
		Release|Any CPU = Release|Any CPU
	EndGlobalSection
	GlobalSection(ProjectConfigurationPlatforms) = postSolution
		{91DEA1D0-F785-43E9-8ABB-8190473743D8}.Debug|Any CPU.ActiveCfg = Debug|Any CPU
		{91DEA1D0-F785-43E9-8ABB-8190473743D8}.Debug|Any CPU.Build.0 = Debug|Any CPU
		{91DEA1D0-F785-43E9-8ABB-8190473743D8}.Release|Any CPU.ActiveCfg = Release|Any CPU
		{91DEA1D0-F785-43E9-8ABB-8190473743D8}.Release|Any CPU.Build.0 = Release|Any CPU
		{8BB63F81-80DF-4134-A650-67B8295F2DA0}.Debug|Any CPU.ActiveCfg = Debug|Any CPU
		{8BB63F81-80DF-4134-A650-67B8295F2DA0}.Debug|Any CPU.Build.0 = Debug|Any CPU
		{8BB63F81-80DF-4134-A650-67B8295F2DA0}.Release|Any CPU.ActiveCfg = Release|Any CPU
		{8BB63F81-80DF-4134-A650-67B8295F2DA0}.Release|Any CPU.Build.0 = Release|Any CPU
		{C57B99F4-4ACB-4300-A2EF-67DCD6B086EF}.Debug|Any CPU.ActiveCfg = Debug|Any CPU
		{C57B99F4-4ACB-4300-A2EF-67DCD6B086EF}.Debug|Any CPU.Build.0 = Debug|Any CPU
		{C57B99F4-4ACB-4300-A2EF-67DCD6B086EF}.Release|Any CPU.ActiveCfg = Release|Any CPU
		{C57B99F4-4ACB-4300-A2EF-67DCD6B086EF}.Release|Any CPU.Build.0 = Release|Any CPU
		{8B1A4748-C977-42A2-BC56-367C90EA4BD4}.Debug|Any CPU.ActiveCfg = Debug|Any CPU
		{8B1A4748-C977-42A2-BC56-367C90EA4BD4}.Debug|Any CPU.Build.0 = Debug|Any CPU
		{8B1A4748-C977-42A2-BC56-367C90EA4BD4}.Release|Any CPU.ActiveCfg = Release|Any CPU
		{8B1A4748-C977-42A2-BC56-367C90EA4BD4}.Release|Any CPU.Build.0 = Release|Any CPU
	EndGlobalSection
	GlobalSection(SolutionProperties) = preSolution
		HideSolutionNode = FALSE
	EndGlobalSection
EndGlobal
